
Microsoft Visual Studio Solution File, Format Version 12.00
# Visual Studio Version 17
VisualStudioVersion = 17.0.31919.166
MinimumVisualStudioVersion = 10.0.40219.1
Project("{9A19103F-16F7-4668-BE54-9A1E7A4F7556}") = "SerwisOgloszeniowy", "SerwisOgloszeniowy.csproj", "{AC117D00-C8A3-40D7-9BF1-1A514B1F089C}"
EndProject
Project("{FAE04EC0-301F-11D3-BF4B-00C04F79EFBC}") = "SerwisOgloszeniowyTests", "..\SerwisOgloszeniowyTests\SerwisOgloszeniowyTests.csproj", "{8D5B468F-B5A6-47D9-A474-57BF378A1531}"
EndProject
Global
	GlobalSection(SolutionConfigurationPlatforms) = preSolution
		Debug|Any CPU = Debug|Any CPU
		Release|Any CPU = Release|Any CPU
	EndGlobalSection
	GlobalSection(ProjectConfigurationPlatforms) = postSolution
		{AC117D00-C8A3-40D7-9BF1-1A514B1F089C}.Debug|Any CPU.ActiveCfg = Debug|Any CPU
		{AC117D00-C8A3-40D7-9BF1-1A514B1F089C}.Debug|Any CPU.Build.0 = Debug|Any CPU
		{AC117D00-C8A3-40D7-9BF1-1A514B1F089C}.Release|Any CPU.ActiveCfg = Release|Any CPU
		{AC117D00-C8A3-40D7-9BF1-1A514B1F089C}.Release|Any CPU.Build.0 = Release|Any CPU
		{8D5B468F-B5A6-47D9-A474-57BF378A1531}.Debug|Any CPU.ActiveCfg = Debug|Any CPU
		{8D5B468F-B5A6-47D9-A474-57BF378A1531}.Debug|Any CPU.Build.0 = Debug|Any CPU
		{8D5B468F-B5A6-47D9-A474-57BF378A1531}.Release|Any CPU.ActiveCfg = Release|Any CPU
		{8D5B468F-B5A6-47D9-A474-57BF378A1531}.Release|Any CPU.Build.0 = Release|Any CPU
	EndGlobalSection
	GlobalSection(SolutionProperties) = preSolution
		HideSolutionNode = FALSE
	EndGlobalSection
	GlobalSection(ExtensibilityGlobals) = postSolution
		SolutionGuid = {2CDE988C-52A5-4E12-B6CE-940145E0FF3E}
	EndGlobalSection
EndGlobal
